
Microsoft Visual Studio Solution File, Format Version 12.00
# Visual Studio Version 17
VisualStudioVersion = 17.4.33213.308
MinimumVisualStudioVersion = 10.0.40219.1
Project("{FAE04EC0-301F-11D3-BF4B-00C04F79EFBC}") = "MVC-ITI-2", "MVC-ITI-2\MVC-ITI-2.csproj", "{A845CD53-10B0-4E4B-925A-6546C48C98BF}"
EndProject
Global
	GlobalSection(SolutionConfigurationPlatforms) = preSolution
		Debug|Any CPU = Debug|Any CPU
		Release|Any CPU = Release|Any CPU
	EndGlobalSection
	GlobalSection(ProjectConfigurationPlatforms) = postSolution
		{A845CD53-10B0-4E4B-925A-6546C48C98BF}.Debug|Any CPU.ActiveCfg = Debug|Any CPU
		{A845CD53-10B0-4E4B-925A-6546C48C98BF}.Debug|Any CPU.Build.0 = Debug|Any CPU
		{A845CD53-10B0-4E4B-925A-6546C48C98BF}.Release|Any CPU.ActiveCfg = Release|Any CPU
		{A845CD53-10B0-4E4B-925A-6546C48C98BF}.Release|Any CPU.Build.0 = Release|Any CPU
	EndGlobalSection
	GlobalSection(SolutionProperties) = preSolution
		HideSolutionNode = FALSE
	EndGlobalSection
	GlobalSection(ExtensibilityGlobals) = postSolution
		SolutionGuid = {FE5307F2-EA5C-4B67-B4CB-107D2F1864D5}
	EndGlobalSection
EndGlobal
